
Microsoft Visual Studio Solution File, Format Version 12.00
# Visual Studio Version 17
VisualStudioVersion = 17.8.34309.116
MinimumVisualStudioVersion = 10.0.40219.1
Project("{9A19103F-16F7-4668-BE54-9A1E7A4F7556}") = "Unity C#", "Unity C#.csproj", "{F0D4572F-E5C5-44A5-9E4C-4BFCA0769BE8}"
EndProject
Project("{9A19103F-16F7-4668-BE54-9A1E7A4F7556}") = "Funtion2", "..\Funtion2\Funtion2.csproj", "{9F481103-594D-46A4-ADC3-D6E1E2FB959F}"
EndProject
Project("{9A19103F-16F7-4668-BE54-9A1E7A4F7556}") = "Memory", "..\Memori\Memory.csproj", "{9D61C376-91F1-4A3B-B574-97E700909DAC}"
EndProject
Project("{2150E333-8FDC-42A3-9474-1A3956D46DE8}") = "새 폴더1", "새 폴더1", "{79B5E6AC-F777-49CD-9ABC-3BA79EC625C2}"
EndProject
Project("{9A19103F-16F7-4668-BE54-9A1E7A4F7556}") = "조건문", "..\조건문\조건문.csproj", "{2F0A4DD0-830C-435E-875F-2289E5207999}"
EndProject
Project("{9A19103F-16F7-4668-BE54-9A1E7A4F7556}") = "반복문", "..\반복문\반복문.csproj", "{F498A72F-B12A-4C54-85C1-5CECD7EBE648}"
EndProject
Project("{9A19103F-16F7-4668-BE54-9A1E7A4F7556}") = "배열", "..\배열\배열.csproj", "{C94B43FD-89A2-4FDB-A177-EA81479FEABE}"
EndProject
Project("{9A19103F-16F7-4668-BE54-9A1E7A4F7556}") = "클래스", "..\클래스\클래스.csproj", "{5ED160B6-6C31-4FC3-B1D2-E21984D8C7E2}"
EndProject
Project("{9A19103F-16F7-4668-BE54-9A1E7A4F7556}") = "상속자", "..\상속자\상속자.csproj", "{45DFBE4D-5448-4605-9D72-F8F1608BA7B8}"
EndProject
Project("{FAE04EC0-301F-11D3-BF4B-00C04F79EFBC}") = "메소드 심화", "..\메소드 심화\메소드 심화.csproj", "{374C79E1-2613-456C-B6BD-E91522316D6B}"
EndProject
Project("{FAE04EC0-301F-11D3-BF4B-00C04F79EFBC}") = "다형성", "..\다형성\다형성.csproj", "{63378540-8501-44FA-A182-6CB8B3E43754}"
EndProject
Global
	GlobalSection(SolutionConfigurationPlatforms) = preSolution
		Debug|Any CPU = Debug|Any CPU
		Release|Any CPU = Release|Any CPU
	EndGlobalSection
	GlobalSection(ProjectConfigurationPlatforms) = postSolution
		{F0D4572F-E5C5-44A5-9E4C-4BFCA0769BE8}.Debug|Any CPU.ActiveCfg = Debug|Any CPU
		{F0D4572F-E5C5-44A5-9E4C-4BFCA0769BE8}.Debug|Any CPU.Build.0 = Debug|Any CPU
		{F0D4572F-E5C5-44A5-9E4C-4BFCA0769BE8}.Release|Any CPU.ActiveCfg = Release|Any CPU
		{F0D4572F-E5C5-44A5-9E4C-4BFCA0769BE8}.Release|Any CPU.Build.0 = Release|Any CPU
		{9F481103-594D-46A4-ADC3-D6E1E2FB959F}.Debug|Any CPU.ActiveCfg = Debug|Any CPU
		{9F481103-594D-46A4-ADC3-D6E1E2FB959F}.Debug|Any CPU.Build.0 = Debug|Any CPU
		{9F481103-594D-46A4-ADC3-D6E1E2FB959F}.Release|Any CPU.ActiveCfg = Release|Any CPU
		{9F481103-594D-46A4-ADC3-D6E1E2FB959F}.Release|Any CPU.Build.0 = Release|Any CPU
		{9D61C376-91F1-4A3B-B574-97E700909DAC}.Debug|Any CPU.ActiveCfg = Debug|Any CPU
		{9D61C376-91F1-4A3B-B574-97E700909DAC}.Debug|Any CPU.Build.0 = Debug|Any CPU
		{9D61C376-91F1-4A3B-B574-97E700909DAC}.Release|Any CPU.ActiveCfg = Release|Any CPU
		{9D61C376-91F1-4A3B-B574-97E700909DAC}.Release|Any CPU.Build.0 = Release|Any CPU
		{2F0A4DD0-830C-435E-875F-2289E5207999}.Debug|Any CPU.ActiveCfg = Debug|Any CPU
		{2F0A4DD0-830C-435E-875F-2289E5207999}.Debug|Any CPU.Build.0 = Debug|Any CPU
		{2F0A4DD0-830C-435E-875F-2289E5207999}.Release|Any CPU.ActiveCfg = Release|Any CPU
		{2F0A4DD0-830C-435E-875F-2289E5207999}.Release|Any CPU.Build.0 = Release|Any CPU
		{F498A72F-B12A-4C54-85C1-5CECD7EBE648}.Debug|Any CPU.ActiveCfg = Debug|Any CPU
		{F498A72F-B12A-4C54-85C1-5CECD7EBE648}.Debug|Any CPU.Build.0 = Debug|Any CPU
		{F498A72F-B12A-4C54-85C1-5CECD7EBE648}.Release|Any CPU.ActiveCfg = Release|Any CPU
		{F498A72F-B12A-4C54-85C1-5CECD7EBE648}.Release|Any CPU.Build.0 = Release|Any CPU
		{C94B43FD-89A2-4FDB-A177-EA81479FEABE}.Debug|Any CPU.ActiveCfg = Debug|Any CPU
		{C94B43FD-89A2-4FDB-A177-EA81479FEABE}.Debug|Any CPU.Build.0 = Debug|Any CPU
		{C94B43FD-89A2-4FDB-A177-EA81479FEABE}.Release|Any CPU.ActiveCfg = Release|Any CPU
		{C94B43FD-89A2-4FDB-A177-EA81479FEABE}.Release|Any CPU.Build.0 = Release|Any CPU
		{5ED160B6-6C31-4FC3-B1D2-E21984D8C7E2}.Debug|Any CPU.ActiveCfg = Debug|Any CPU
		{5ED160B6-6C31-4FC3-B1D2-E21984D8C7E2}.Debug|Any CPU.Build.0 = Debug|Any CPU
		{5ED160B6-6C31-4FC3-B1D2-E21984D8C7E2}.Release|Any CPU.ActiveCfg = Release|Any CPU
		{5ED160B6-6C31-4FC3-B1D2-E21984D8C7E2}.Release|Any CPU.Build.0 = Release|Any CPU
		{45DFBE4D-5448-4605-9D72-F8F1608BA7B8}.Debug|Any CPU.ActiveCfg = Debug|Any CPU
		{45DFBE4D-5448-4605-9D72-F8F1608BA7B8}.Debug|Any CPU.Build.0 = Debug|Any CPU
		{45DFBE4D-5448-4605-9D72-F8F1608BA7B8}.Release|Any CPU.ActiveCfg = Release|Any CPU
		{45DFBE4D-5448-4605-9D72-F8F1608BA7B8}.Release|Any CPU.Build.0 = Release|Any CPU
		{374C79E1-2613-456C-B6BD-E91522316D6B}.Debug|Any CPU.ActiveCfg = Debug|Any CPU
		{374C79E1-2613-456C-B6BD-E91522316D6B}.Debug|Any CPU.Build.0 = Debug|Any CPU
		{374C79E1-2613-456C-B6BD-E91522316D6B}.Release|Any CPU.ActiveCfg = Release|Any CPU
		{374C79E1-2613-456C-B6BD-E91522316D6B}.Release|Any CPU.Build.0 = Release|Any CPU
		{63378540-8501-44FA-A182-6CB8B3E43754}.Debug|Any CPU.ActiveCfg = Debug|Any CPU
		{63378540-8501-44FA-A182-6CB8B3E43754}.Debug|Any CPU.Build.0 = Debug|Any CPU
		{63378540-8501-44FA-A182-6CB8B3E43754}.Release|Any CPU.ActiveCfg = Release|Any CPU
		{63378540-8501-44FA-A182-6CB8B3E43754}.Release|Any CPU.Build.0 = Release|Any CPU
	EndGlobalSection
	GlobalSection(SolutionProperties) = preSolution
		HideSolutionNode = FALSE
	EndGlobalSection
	GlobalSection(NestedProjects) = preSolution
		{9F481103-594D-46A4-ADC3-D6E1E2FB959F} = {79B5E6AC-F777-49CD-9ABC-3BA79EC625C2}
		{9D61C376-91F1-4A3B-B574-97E700909DAC} = {79B5E6AC-F777-49CD-9ABC-3BA79EC625C2}
	EndGlobalSection
	GlobalSection(ExtensibilityGlobals) = postSolution
		SolutionGuid = {538C1658-453E-4FF9-ACB5-C8AFBF1279DB}
	EndGlobalSection
EndGlobal
